
Microsoft Visual Studio Solution File, Format Version 12.00
# Visual Studio Version 17
VisualStudioVersion = 17.13.35825.156 d17.13
MinimumVisualStudioVersion = 10.0.40219.1
Project("{FAE04EC0-301F-11D3-BF4B-00C04F79EFBC}") = "yebigun", "yebigun\yebigun.csproj", "{CA0F1021-3EDA-4467-B372-4ED21408BC2F}"
EndProject
Global
	GlobalSection(SolutionConfigurationPlatforms) = preSolution
		Debug|Any CPU = Debug|Any CPU
		Release|Any CPU = Release|Any CPU
	EndGlobalSection
	GlobalSection(ProjectConfigurationPlatforms) = postSolution
		{CA0F1021-3EDA-4467-B372-4ED21408BC2F}.Debug|Any CPU.ActiveCfg = Debug|Any CPU
		{CA0F1021-3EDA-4467-B372-4ED21408BC2F}.Debug|Any CPU.Build.0 = Debug|Any CPU
		{CA0F1021-3EDA-4467-B372-4ED21408BC2F}.Release|Any CPU.ActiveCfg = Release|Any CPU
		{CA0F1021-3EDA-4467-B372-4ED21408BC2F}.Release|Any CPU.Build.0 = Release|Any CPU
	EndGlobalSection
	GlobalSection(SolutionProperties) = preSolution
		HideSolutionNode = FALSE
	EndGlobalSection
	GlobalSection(ExtensibilityGlobals) = postSolution
		SolutionGuid = {94DD6253-C653-48A5-AECC-0618BE463BCB}
	EndGlobalSection
EndGlobal
