
Microsoft Visual Studio Solution File, Format Version 12.00
# Visual Studio Version 17
VisualStudioVersion = 17.13.35825.156 d17.13
MinimumVisualStudioVersion = 10.0.40219.1
Project("{FAE04EC0-301F-11D3-BF4B-00C04F79EFBC}") = "ConsoleGame", "ConsoleGame\ConsoleGame.csproj", "{039A5573-CC90-4291-8E97-C98C8DEE1FCC}"
EndProject
Project("{FAE04EC0-301F-11D3-BF4B-00C04F79EFBC}") = "Game_pro", "Game_pro\Game_pro.csproj", "{E04C235E-FB2D-496B-A3A1-0E80B6331DB0}"
EndProject
Global
	GlobalSection(SolutionConfigurationPlatforms) = preSolution
		Debug|Any CPU = Debug|Any CPU
		Release|Any CPU = Release|Any CPU
	EndGlobalSection
	GlobalSection(ProjectConfigurationPlatforms) = postSolution
		{039A5573-CC90-4291-8E97-C98C8DEE1FCC}.Debug|Any CPU.ActiveCfg = Debug|Any CPU
		{039A5573-CC90-4291-8E97-C98C8DEE1FCC}.Debug|Any CPU.Build.0 = Debug|Any CPU
		{039A5573-CC90-4291-8E97-C98C8DEE1FCC}.Release|Any CPU.ActiveCfg = Release|Any CPU
		{039A5573-CC90-4291-8E97-C98C8DEE1FCC}.Release|Any CPU.Build.0 = Release|Any CPU
		{E04C235E-FB2D-496B-A3A1-0E80B6331DB0}.Debug|Any CPU.ActiveCfg = Debug|Any CPU
		{E04C235E-FB2D-496B-A3A1-0E80B6331DB0}.Debug|Any CPU.Build.0 = Debug|Any CPU
		{E04C235E-FB2D-496B-A3A1-0E80B6331DB0}.Release|Any CPU.ActiveCfg = Release|Any CPU
		{E04C235E-FB2D-496B-A3A1-0E80B6331DB0}.Release|Any CPU.Build.0 = Release|Any CPU
	EndGlobalSection
	GlobalSection(SolutionProperties) = preSolution
		HideSolutionNode = FALSE
	EndGlobalSection
	GlobalSection(ExtensibilityGlobals) = postSolution
		SolutionGuid = {EE3CF3F0-4146-4E11-9D53-AF1D37552E22}
	EndGlobalSection
EndGlobal
