
Microsoft Visual Studio Solution File, Format Version 12.00
# Visual Studio Version 17
VisualStudioVersion = 17.13.35825.156
MinimumVisualStudioVersion = 10.0.40219.1
Project("{FAE04EC0-301F-11D3-BF4B-00C04F79EFBC}") = "HelloWorld!", "HelloWorld!\HelloWorld!.csproj", "{CBCEE8CA-B427-4FAE-8054-CB18EF5BDD19}"
EndProject
Project("{FAE04EC0-301F-11D3-BF4B-00C04F79EFBC}") = "250313_for_while_do", "250313_for_while_do\250313_for_while_do.csproj", "{8392AC3B-E927-47E2-A02A-F3FE85F9811A}"
EndProject
Project("{FAE04EC0-301F-11D3-BF4B-00C04F79EFBC}") = "debug", "debug\debug.csproj", "{4C70A571-EFD2-4A6B-B9F6-2353915A9CD9}"
EndProject
Project("{FAE04EC0-301F-11D3-BF4B-00C04F79EFBC}") = "250314_hamsu", "250314_hamsu\250314_hamsu.csproj", "{A9892B03-85D6-4C6B-96B2-07312EDBCE63}"
EndProject
Project("{FAE04EC0-301F-11D3-BF4B-00C04F79EFBC}") = "250317_array", "250317_array\250317_array.csproj", "{AA339062-ADC6-4A8F-8EA4-FC86D0324838}"
EndProject
Global
	GlobalSection(SolutionConfigurationPlatforms) = preSolution
		Debug|Any CPU = Debug|Any CPU
		Release|Any CPU = Release|Any CPU
	EndGlobalSection
	GlobalSection(ProjectConfigurationPlatforms) = postSolution
		{CBCEE8CA-B427-4FAE-8054-CB18EF5BDD19}.Debug|Any CPU.ActiveCfg = Debug|Any CPU
		{CBCEE8CA-B427-4FAE-8054-CB18EF5BDD19}.Debug|Any CPU.Build.0 = Debug|Any CPU
		{CBCEE8CA-B427-4FAE-8054-CB18EF5BDD19}.Release|Any CPU.ActiveCfg = Release|Any CPU
		{CBCEE8CA-B427-4FAE-8054-CB18EF5BDD19}.Release|Any CPU.Build.0 = Release|Any CPU
		{8392AC3B-E927-47E2-A02A-F3FE85F9811A}.Debug|Any CPU.ActiveCfg = Debug|Any CPU
		{8392AC3B-E927-47E2-A02A-F3FE85F9811A}.Debug|Any CPU.Build.0 = Debug|Any CPU
		{8392AC3B-E927-47E2-A02A-F3FE85F9811A}.Release|Any CPU.ActiveCfg = Release|Any CPU
		{8392AC3B-E927-47E2-A02A-F3FE85F9811A}.Release|Any CPU.Build.0 = Release|Any CPU
		{4C70A571-EFD2-4A6B-B9F6-2353915A9CD9}.Debug|Any CPU.ActiveCfg = Debug|Any CPU
		{4C70A571-EFD2-4A6B-B9F6-2353915A9CD9}.Debug|Any CPU.Build.0 = Debug|Any CPU
		{4C70A571-EFD2-4A6B-B9F6-2353915A9CD9}.Release|Any CPU.ActiveCfg = Release|Any CPU
		{4C70A571-EFD2-4A6B-B9F6-2353915A9CD9}.Release|Any CPU.Build.0 = Release|Any CPU
		{A9892B03-85D6-4C6B-96B2-07312EDBCE63}.Debug|Any CPU.ActiveCfg = Debug|Any CPU
		{A9892B03-85D6-4C6B-96B2-07312EDBCE63}.Debug|Any CPU.Build.0 = Debug|Any CPU
		{A9892B03-85D6-4C6B-96B2-07312EDBCE63}.Release|Any CPU.ActiveCfg = Release|Any CPU
		{A9892B03-85D6-4C6B-96B2-07312EDBCE63}.Release|Any CPU.Build.0 = Release|Any CPU
		{AA339062-ADC6-4A8F-8EA4-FC86D0324838}.Debug|Any CPU.ActiveCfg = Debug|Any CPU
		{AA339062-ADC6-4A8F-8EA4-FC86D0324838}.Debug|Any CPU.Build.0 = Debug|Any CPU
		{AA339062-ADC6-4A8F-8EA4-FC86D0324838}.Release|Any CPU.ActiveCfg = Release|Any CPU
		{AA339062-ADC6-4A8F-8EA4-FC86D0324838}.Release|Any CPU.Build.0 = Release|Any CPU
	EndGlobalSection
	GlobalSection(SolutionProperties) = preSolution
		HideSolutionNode = FALSE
	EndGlobalSection
	GlobalSection(ExtensibilityGlobals) = postSolution
		SolutionGuid = {47357BE1-CF7C-4702-9099-4F8A96317E15}
	EndGlobalSection
EndGlobal
